
Microsoft Visual Studio Solution File, Format Version 12.00
# Visual Studio Version 17
VisualStudioVersion = 17.14.36804.6
MinimumVisualStudioVersion = 10.0.40219.1
Project("{FAE04EC0-301F-11D3-BF4B-00C04F79EFBC}") = "demo_p", "demo_p.csproj", "{21706B55-D4BA-47C2-97BB-9390F94178A9}"
EndProject
Global
	GlobalSection(SolutionConfigurationPlatforms) = preSolution
		Debug|Any CPU = Debug|Any CPU
		Debug|x64 = Debug|x64
		Release|Any CPU = Release|Any CPU
		Release|x64 = Release|x64
	EndGlobalSection
	GlobalSection(ProjectConfigurationPlatforms) = postSolution
		{21706B55-D4BA-47C2-97BB-9390F94178A9}.Debug|Any CPU.ActiveCfg = Debug|Any CPU
		{21706B55-D4BA-47C2-97BB-9390F94178A9}.Debug|Any CPU.Build.0 = Debug|Any CPU
		{21706B55-D4BA-47C2-97BB-9390F94178A9}.Debug|x64.ActiveCfg = Debug|x64
		{21706B55-D4BA-47C2-97BB-9390F94178A9}.Debug|x64.Build.0 = Debug|x64
		{21706B55-D4BA-47C2-97BB-9390F94178A9}.Release|Any CPU.ActiveCfg = Release|Any CPU
		{21706B55-D4BA-47C2-97BB-9390F94178A9}.Release|Any CPU.Build.0 = Release|Any CPU
		{21706B55-D4BA-47C2-97BB-9390F94178A9}.Release|x64.ActiveCfg = Release|x64
		{21706B55-D4BA-47C2-97BB-9390F94178A9}.Release|x64.Build.0 = Release|x64
	EndGlobalSection
	GlobalSection(SolutionProperties) = preSolution
		HideSolutionNode = FALSE
	EndGlobalSection
	GlobalSection(ExtensibilityGlobals) = postSolution
		SolutionGuid = {431B8D3A-3887-46FD-9D4A-1F877AC055FD}
	EndGlobalSection
EndGlobal
